
Microsoft Visual Studio Solution File, Format Version 12.00
# Visual Studio 15
VisualStudioVersion = 15.0.28010.2036
MinimumVisualStudioVersion = 10.0.40219.1
Project("{FAE04EC0-301F-11D3-BF4B-00C04F79EFBC}") = "ProyectoKinexo", "ProyectoKinexo\ProyectoKinexo.csproj", "{3BB0512F-92D6-470C-A81B-90EB1A0E866C}"
EndProject
Project("{FAE04EC0-301F-11D3-BF4B-00C04F79EFBC}") = "Datos", "Datos\Datos.csproj", "{D139C9E3-A810-4798-9F60-C75C23DF07DD}"
EndProject
Global
	GlobalSection(SolutionConfigurationPlatforms) = preSolution
		Debug|Any CPU = Debug|Any CPU
		Release|Any CPU = Release|Any CPU
	EndGlobalSection
	GlobalSection(ProjectConfigurationPlatforms) = postSolution
		{3BB0512F-92D6-470C-A81B-90EB1A0E866C}.Debug|Any CPU.ActiveCfg = Debug|Any CPU
		{3BB0512F-92D6-470C-A81B-90EB1A0E866C}.Debug|Any CPU.Build.0 = Debug|Any CPU
		{3BB0512F-92D6-470C-A81B-90EB1A0E866C}.Release|Any CPU.ActiveCfg = Release|Any CPU
		{3BB0512F-92D6-470C-A81B-90EB1A0E866C}.Release|Any CPU.Build.0 = Release|Any CPU
		{D139C9E3-A810-4798-9F60-C75C23DF07DD}.Debug|Any CPU.ActiveCfg = Debug|Any CPU
		{D139C9E3-A810-4798-9F60-C75C23DF07DD}.Debug|Any CPU.Build.0 = Debug|Any CPU
		{D139C9E3-A810-4798-9F60-C75C23DF07DD}.Release|Any CPU.ActiveCfg = Release|Any CPU
		{D139C9E3-A810-4798-9F60-C75C23DF07DD}.Release|Any CPU.Build.0 = Release|Any CPU
	EndGlobalSection
	GlobalSection(SolutionProperties) = preSolution
		HideSolutionNode = FALSE
	EndGlobalSection
	GlobalSection(ExtensibilityGlobals) = postSolution
		SolutionGuid = {3978A264-7A17-4E82-A332-2B673AFCF743}
	EndGlobalSection
EndGlobal
